
Microsoft Visual Studio Solution File, Format Version 12.00
# Visual Studio Version 17
VisualStudioVersion = 17.7.34031.279
MinimumVisualStudioVersion = 10.0.40219.1
Project("{FAE04EC0-301F-11D3-BF4B-00C04F79EFBC}") = "WinFormsAppbest", "WinFormsAppbest.csproj", "{04A18C8C-E8C9-4D0D-B4AF-6924C2B21A07}"
EndProject
Global
	GlobalSection(SolutionConfigurationPlatforms) = preSolution
		Debug|Any CPU = Debug|Any CPU
		Release|Any CPU = Release|Any CPU
	EndGlobalSection
	GlobalSection(ProjectConfigurationPlatforms) = postSolution
		{04A18C8C-E8C9-4D0D-B4AF-6924C2B21A07}.Debug|Any CPU.ActiveCfg = Debug|Any CPU
		{04A18C8C-E8C9-4D0D-B4AF-6924C2B21A07}.Debug|Any CPU.Build.0 = Debug|Any CPU
		{04A18C8C-E8C9-4D0D-B4AF-6924C2B21A07}.Release|Any CPU.ActiveCfg = Release|Any CPU
		{04A18C8C-E8C9-4D0D-B4AF-6924C2B21A07}.Release|Any CPU.Build.0 = Release|Any CPU
	EndGlobalSection
	GlobalSection(SolutionProperties) = preSolution
		HideSolutionNode = FALSE
	EndGlobalSection
	GlobalSection(ExtensibilityGlobals) = postSolution
		SolutionGuid = {4704EDE2-04EF-49FC-B54B-3D0267990B71}
	EndGlobalSection
EndGlobal
